
Microsoft Visual Studio Solution File, Format Version 12.00
# Visual Studio Version 16
VisualStudioVersion = 16.0.29911.84
MinimumVisualStudioVersion = 10.0.40219.1
Project("{8BC9CEB8-8B4A-11D0-8D11-00A0C91BC942}") = "TownsPCMtoWave", "TownsPCMtoWave\TownsPCMtoWave.vcxproj", "{15A8935A-CA32-4E4F-ABCF-8C6E14E142E6}"
EndProject
Project("{8BC9CEB8-8B4A-11D0-8D11-00A0C91BC942}") = "PC98PCMtoWave", "PC98PCMtoWave\PC98PCMtoWave.vcxproj", "{5D0EEDC0-1656-4B59-9937-919FD29625E1}"
EndProject
Project("{8BC9CEB8-8B4A-11D0-8D11-00A0C91BC942}") = "WaveCorrector", "WaveCorrector\WaveCorrector.vcxproj", "{1F408838-5746-432E-A5BC-12EE12E4525E}"
EndProject
Project("{8BC9CEB8-8B4A-11D0-8D11-00A0C91BC942}") = "DATSplitter", "DATSpiltter\DATSpiltter.vcxproj", "{85B760E0-1CE8-4911-972B-021CF47B6D2A}"
EndProject
Project("{8BC9CEB8-8B4A-11D0-8D11-00A0C91BC942}") = "N88Splitter", "N88Splitter\N88Splitter.vcxproj", "{6AFE4144-2F87-4707-A55F-D91B93094573}"
EndProject
Project("{8BC9CEB8-8B4A-11D0-8D11-00A0C91BC942}") = "MSXtoPNG", "MSXtoPNG\MSXtoPNG.vcxproj", "{394C7402-29D3-4120-9855-376F9A6BC1BB}"
	ProjectSection(ProjectDependencies) = postProject
		{7421FF63-EAFE-42D2-ACC7-43FF244CFEF6} = {7421FF63-EAFE-42D2-ACC7-43FF244CFEF6}
	EndProjectSection
EndProject
Project("{8BC9CEB8-8B4A-11D0-8D11-00A0C91BC942}") = "MSXtoPNG_Intruder", "MSXtoPNG_NoPal\MSXtoPNG_NoPal.vcxproj", "{F656510E-3327-4412-BEC5-B4E9BC00515E}"
	ProjectSection(ProjectDependencies) = postProject
		{7421FF63-EAFE-42D2-ACC7-43FF244CFEF6} = {7421FF63-EAFE-42D2-ACC7-43FF244CFEF6}
	EndProjectSection
EndProject
Project("{8BC9CEB8-8B4A-11D0-8D11-00A0C91BC942}") = "MSXCombinePNG", "MSXCombine\MSXCombine.vcxproj", "{EA3102C3-D1C3-40D7-82A7-C81DFAB0176A}"
	ProjectSection(ProjectDependencies) = postProject
		{7421FF63-EAFE-42D2-ACC7-43FF244CFEF6} = {7421FF63-EAFE-42D2-ACC7-43FF244CFEF6}
	EndProjectSection
EndProject
Project("{8BC9CEB8-8B4A-11D0-8D11-00A0C91BC942}") = "aclib", "aclib\aclib.vcxproj", "{7421FF63-EAFE-42D2-ACC7-43FF244CFEF6}"
EndProject
Project("{8BC9CEB8-8B4A-11D0-8D11-00A0C91BC942}") = "MSXtoPNG_ToushinToshi", "MSXtoPNG_vsp\MSXtoPNG_vsp.vcxproj", "{7290007E-2AEA-406C-9847-CF4F17552B2F}"
EndProject
Project("{8BC9CEB8-8B4A-11D0-8D11-00A0C91BC942}") = "VSPtoPNG", "VSPtoPNG\VSPtoPNG.vcxproj", "{DF936A1D-2C02-4956-92F3-F0B27B6F39B6}"
	ProjectSection(ProjectDependencies) = postProject
		{7421FF63-EAFE-42D2-ACC7-43FF244CFEF6} = {7421FF63-EAFE-42D2-ACC7-43FF244CFEF6}
	EndProjectSection
EndProject
Project("{8BC9CEB8-8B4A-11D0-8D11-00A0C91BC942}") = "MSXtoPNG_DrSTOP", "MSXtoPNG_DrSTOP\MSXtoPNG_DrSTOP.vcxproj", "{5DF1A574-40F3-4D97-B39D-6E0883304864}"
EndProject
Project("{8BC9CEB8-8B4A-11D0-8D11-00A0C91BC942}") = "MSXtoPNG_LV", "MSXtoPNG_LV\MSXtoPNG_LV.vcxproj", "{811FCC24-EDB8-4785-92B5-B5AF8F52F699}"
EndProject
Project("{8BC9CEB8-8B4A-11D0-8D11-00A0C91BC942}") = "MSXtoPNG_LP", "MSXtoPNG_LP\MSXtoPNG_LP.vcxproj", "{7F17335E-6D23-44A1-9A86-3726EE3F55E2}"
EndProject
Project("{8BC9CEB8-8B4A-11D0-8D11-00A0C91BC942}") = "MSXtoPNG_GS", "MSXtoPNG_GS\MSXtoPNG_GS.vcxproj", "{407708AD-A48C-437C-A353-C945C1218FFA}"
EndProject
Project("{8BC9CEB8-8B4A-11D0-8D11-00A0C91BC942}") = "MSXtoPNG_GS_TITLE", "MSXtoPNG_GS_TITLE\MSXtoPNG_GS_TITLE.vcxproj", "{E6AAFBFE-63C8-4355-BBE3-F36DA30E604B}"
EndProject
Global
	GlobalSection(SolutionConfigurationPlatforms) = preSolution
		Debug|x64 = Debug|x64
		Debug|x86 = Debug|x86
		Release|x64 = Release|x64
		Release|x86 = Release|x86
	EndGlobalSection
	GlobalSection(ProjectConfigurationPlatforms) = postSolution
		{15A8935A-CA32-4E4F-ABCF-8C6E14E142E6}.Debug|x64.ActiveCfg = Debug|x64
		{15A8935A-CA32-4E4F-ABCF-8C6E14E142E6}.Debug|x64.Build.0 = Debug|x64
		{15A8935A-CA32-4E4F-ABCF-8C6E14E142E6}.Debug|x86.ActiveCfg = Debug|Win32
		{15A8935A-CA32-4E4F-ABCF-8C6E14E142E6}.Debug|x86.Build.0 = Debug|Win32
		{15A8935A-CA32-4E4F-ABCF-8C6E14E142E6}.Release|x64.ActiveCfg = Release|x64
		{15A8935A-CA32-4E4F-ABCF-8C6E14E142E6}.Release|x64.Build.0 = Release|x64
		{15A8935A-CA32-4E4F-ABCF-8C6E14E142E6}.Release|x86.ActiveCfg = Release|Win32
		{15A8935A-CA32-4E4F-ABCF-8C6E14E142E6}.Release|x86.Build.0 = Release|Win32
		{5D0EEDC0-1656-4B59-9937-919FD29625E1}.Debug|x64.ActiveCfg = Debug|x64
		{5D0EEDC0-1656-4B59-9937-919FD29625E1}.Debug|x64.Build.0 = Debug|x64
		{5D0EEDC0-1656-4B59-9937-919FD29625E1}.Debug|x86.ActiveCfg = Debug|Win32
		{5D0EEDC0-1656-4B59-9937-919FD29625E1}.Debug|x86.Build.0 = Debug|Win32
		{5D0EEDC0-1656-4B59-9937-919FD29625E1}.Release|x64.ActiveCfg = Release|x64
		{5D0EEDC0-1656-4B59-9937-919FD29625E1}.Release|x64.Build.0 = Release|x64
		{5D0EEDC0-1656-4B59-9937-919FD29625E1}.Release|x86.ActiveCfg = Release|Win32
		{5D0EEDC0-1656-4B59-9937-919FD29625E1}.Release|x86.Build.0 = Release|Win32
		{1F408838-5746-432E-A5BC-12EE12E4525E}.Debug|x64.ActiveCfg = Debug|x64
		{1F408838-5746-432E-A5BC-12EE12E4525E}.Debug|x64.Build.0 = Debug|x64
		{1F408838-5746-432E-A5BC-12EE12E4525E}.Debug|x86.ActiveCfg = Debug|Win32
		{1F408838-5746-432E-A5BC-12EE12E4525E}.Debug|x86.Build.0 = Debug|Win32
		{1F408838-5746-432E-A5BC-12EE12E4525E}.Release|x64.ActiveCfg = Release|x64
		{1F408838-5746-432E-A5BC-12EE12E4525E}.Release|x64.Build.0 = Release|x64
		{1F408838-5746-432E-A5BC-12EE12E4525E}.Release|x86.ActiveCfg = Release|Win32
		{1F408838-5746-432E-A5BC-12EE12E4525E}.Release|x86.Build.0 = Release|Win32
		{85B760E0-1CE8-4911-972B-021CF47B6D2A}.Debug|x64.ActiveCfg = Debug|x64
		{85B760E0-1CE8-4911-972B-021CF47B6D2A}.Debug|x64.Build.0 = Debug|x64
		{85B760E0-1CE8-4911-972B-021CF47B6D2A}.Debug|x86.ActiveCfg = Debug|Win32
		{85B760E0-1CE8-4911-972B-021CF47B6D2A}.Debug|x86.Build.0 = Debug|Win32
		{85B760E0-1CE8-4911-972B-021CF47B6D2A}.Release|x64.ActiveCfg = Release|x64
		{85B760E0-1CE8-4911-972B-021CF47B6D2A}.Release|x64.Build.0 = Release|x64
		{85B760E0-1CE8-4911-972B-021CF47B6D2A}.Release|x86.ActiveCfg = Release|Win32
		{85B760E0-1CE8-4911-972B-021CF47B6D2A}.Release|x86.Build.0 = Release|Win32
		{6AFE4144-2F87-4707-A55F-D91B93094573}.Debug|x64.ActiveCfg = Debug|x64
		{6AFE4144-2F87-4707-A55F-D91B93094573}.Debug|x64.Build.0 = Debug|x64
		{6AFE4144-2F87-4707-A55F-D91B93094573}.Debug|x86.ActiveCfg = Debug|Win32
		{6AFE4144-2F87-4707-A55F-D91B93094573}.Debug|x86.Build.0 = Debug|Win32
		{6AFE4144-2F87-4707-A55F-D91B93094573}.Release|x64.ActiveCfg = Release|x64
		{6AFE4144-2F87-4707-A55F-D91B93094573}.Release|x64.Build.0 = Release|x64
		{6AFE4144-2F87-4707-A55F-D91B93094573}.Release|x86.ActiveCfg = Release|Win32
		{6AFE4144-2F87-4707-A55F-D91B93094573}.Release|x86.Build.0 = Release|Win32
		{394C7402-29D3-4120-9855-376F9A6BC1BB}.Debug|x64.ActiveCfg = Debug|x64
		{394C7402-29D3-4120-9855-376F9A6BC1BB}.Debug|x64.Build.0 = Debug|x64
		{394C7402-29D3-4120-9855-376F9A6BC1BB}.Debug|x86.ActiveCfg = Debug|Win32
		{394C7402-29D3-4120-9855-376F9A6BC1BB}.Debug|x86.Build.0 = Debug|Win32
		{394C7402-29D3-4120-9855-376F9A6BC1BB}.Release|x64.ActiveCfg = Release|x64
		{394C7402-29D3-4120-9855-376F9A6BC1BB}.Release|x64.Build.0 = Release|x64
		{394C7402-29D3-4120-9855-376F9A6BC1BB}.Release|x86.ActiveCfg = Release|Win32
		{394C7402-29D3-4120-9855-376F9A6BC1BB}.Release|x86.Build.0 = Release|Win32
		{F656510E-3327-4412-BEC5-B4E9BC00515E}.Debug|x64.ActiveCfg = Debug|x64
		{F656510E-3327-4412-BEC5-B4E9BC00515E}.Debug|x64.Build.0 = Debug|x64
		{F656510E-3327-4412-BEC5-B4E9BC00515E}.Debug|x86.ActiveCfg = Debug|Win32
		{F656510E-3327-4412-BEC5-B4E9BC00515E}.Debug|x86.Build.0 = Debug|Win32
		{F656510E-3327-4412-BEC5-B4E9BC00515E}.Release|x64.ActiveCfg = Release|x64
		{F656510E-3327-4412-BEC5-B4E9BC00515E}.Release|x64.Build.0 = Release|x64
		{F656510E-3327-4412-BEC5-B4E9BC00515E}.Release|x86.ActiveCfg = Release|Win32
		{F656510E-3327-4412-BEC5-B4E9BC00515E}.Release|x86.Build.0 = Release|Win32
		{EA3102C3-D1C3-40D7-82A7-C81DFAB0176A}.Debug|x64.ActiveCfg = Debug|x64
		{EA3102C3-D1C3-40D7-82A7-C81DFAB0176A}.Debug|x64.Build.0 = Debug|x64
		{EA3102C3-D1C3-40D7-82A7-C81DFAB0176A}.Debug|x86.ActiveCfg = Debug|Win32
		{EA3102C3-D1C3-40D7-82A7-C81DFAB0176A}.Debug|x86.Build.0 = Debug|Win32
		{EA3102C3-D1C3-40D7-82A7-C81DFAB0176A}.Release|x64.ActiveCfg = Release|x64
		{EA3102C3-D1C3-40D7-82A7-C81DFAB0176A}.Release|x64.Build.0 = Release|x64
		{EA3102C3-D1C3-40D7-82A7-C81DFAB0176A}.Release|x86.ActiveCfg = Release|Win32
		{EA3102C3-D1C3-40D7-82A7-C81DFAB0176A}.Release|x86.Build.0 = Release|Win32
		{7421FF63-EAFE-42D2-ACC7-43FF244CFEF6}.Debug|x64.ActiveCfg = Debug|x64
		{7421FF63-EAFE-42D2-ACC7-43FF244CFEF6}.Debug|x64.Build.0 = Debug|x64
		{7421FF63-EAFE-42D2-ACC7-43FF244CFEF6}.Debug|x86.ActiveCfg = Debug|Win32
		{7421FF63-EAFE-42D2-ACC7-43FF244CFEF6}.Debug|x86.Build.0 = Debug|Win32
		{7421FF63-EAFE-42D2-ACC7-43FF244CFEF6}.Release|x64.ActiveCfg = Release|x64
		{7421FF63-EAFE-42D2-ACC7-43FF244CFEF6}.Release|x64.Build.0 = Release|x64
		{7421FF63-EAFE-42D2-ACC7-43FF244CFEF6}.Release|x86.ActiveCfg = Release|Win32
		{7421FF63-EAFE-42D2-ACC7-43FF244CFEF6}.Release|x86.Build.0 = Release|Win32
		{7290007E-2AEA-406C-9847-CF4F17552B2F}.Debug|x64.ActiveCfg = Debug|x64
		{7290007E-2AEA-406C-9847-CF4F17552B2F}.Debug|x64.Build.0 = Debug|x64
		{7290007E-2AEA-406C-9847-CF4F17552B2F}.Debug|x86.ActiveCfg = Debug|Win32
		{7290007E-2AEA-406C-9847-CF4F17552B2F}.Debug|x86.Build.0 = Debug|Win32
		{7290007E-2AEA-406C-9847-CF4F17552B2F}.Release|x64.ActiveCfg = Release|x64
		{7290007E-2AEA-406C-9847-CF4F17552B2F}.Release|x64.Build.0 = Release|x64
		{7290007E-2AEA-406C-9847-CF4F17552B2F}.Release|x86.ActiveCfg = Release|Win32
		{7290007E-2AEA-406C-9847-CF4F17552B2F}.Release|x86.Build.0 = Release|Win32
		{DF936A1D-2C02-4956-92F3-F0B27B6F39B6}.Debug|x64.ActiveCfg = Debug|x64
		{DF936A1D-2C02-4956-92F3-F0B27B6F39B6}.Debug|x64.Build.0 = Debug|x64
		{DF936A1D-2C02-4956-92F3-F0B27B6F39B6}.Debug|x86.ActiveCfg = Debug|Win32
		{DF936A1D-2C02-4956-92F3-F0B27B6F39B6}.Debug|x86.Build.0 = Debug|Win32
		{DF936A1D-2C02-4956-92F3-F0B27B6F39B6}.Release|x64.ActiveCfg = Release|x64
		{DF936A1D-2C02-4956-92F3-F0B27B6F39B6}.Release|x64.Build.0 = Release|x64
		{DF936A1D-2C02-4956-92F3-F0B27B6F39B6}.Release|x86.ActiveCfg = Release|Win32
		{DF936A1D-2C02-4956-92F3-F0B27B6F39B6}.Release|x86.Build.0 = Release|Win32
		{5DF1A574-40F3-4D97-B39D-6E0883304864}.Debug|x64.ActiveCfg = Debug|x64
		{5DF1A574-40F3-4D97-B39D-6E0883304864}.Debug|x64.Build.0 = Debug|x64
		{5DF1A574-40F3-4D97-B39D-6E0883304864}.Debug|x86.ActiveCfg = Debug|Win32
		{5DF1A574-40F3-4D97-B39D-6E0883304864}.Debug|x86.Build.0 = Debug|Win32
		{5DF1A574-40F3-4D97-B39D-6E0883304864}.Release|x64.ActiveCfg = Release|x64
		{5DF1A574-40F3-4D97-B39D-6E0883304864}.Release|x64.Build.0 = Release|x64
		{5DF1A574-40F3-4D97-B39D-6E0883304864}.Release|x86.ActiveCfg = Release|Win32
		{5DF1A574-40F3-4D97-B39D-6E0883304864}.Release|x86.Build.0 = Release|Win32
		{811FCC24-EDB8-4785-92B5-B5AF8F52F699}.Debug|x64.ActiveCfg = Debug|x64
		{811FCC24-EDB8-4785-92B5-B5AF8F52F699}.Debug|x64.Build.0 = Debug|x64
		{811FCC24-EDB8-4785-92B5-B5AF8F52F699}.Debug|x86.ActiveCfg = Debug|Win32
		{811FCC24-EDB8-4785-92B5-B5AF8F52F699}.Debug|x86.Build.0 = Debug|Win32
		{811FCC24-EDB8-4785-92B5-B5AF8F52F699}.Release|x64.ActiveCfg = Release|x64
		{811FCC24-EDB8-4785-92B5-B5AF8F52F699}.Release|x64.Build.0 = Release|x64
		{811FCC24-EDB8-4785-92B5-B5AF8F52F699}.Release|x86.ActiveCfg = Release|Win32
		{811FCC24-EDB8-4785-92B5-B5AF8F52F699}.Release|x86.Build.0 = Release|Win32
		{7F17335E-6D23-44A1-9A86-3726EE3F55E2}.Debug|x64.ActiveCfg = Debug|x64
		{7F17335E-6D23-44A1-9A86-3726EE3F55E2}.Debug|x64.Build.0 = Debug|x64
		{7F17335E-6D23-44A1-9A86-3726EE3F55E2}.Debug|x86.ActiveCfg = Debug|Win32
		{7F17335E-6D23-44A1-9A86-3726EE3F55E2}.Debug|x86.Build.0 = Debug|Win32
		{7F17335E-6D23-44A1-9A86-3726EE3F55E2}.Release|x64.ActiveCfg = Release|x64
		{7F17335E-6D23-44A1-9A86-3726EE3F55E2}.Release|x64.Build.0 = Release|x64
		{7F17335E-6D23-44A1-9A86-3726EE3F55E2}.Release|x86.ActiveCfg = Release|Win32
		{7F17335E-6D23-44A1-9A86-3726EE3F55E2}.Release|x86.Build.0 = Release|Win32
		{407708AD-A48C-437C-A353-C945C1218FFA}.Debug|x64.ActiveCfg = Debug|x64
		{407708AD-A48C-437C-A353-C945C1218FFA}.Debug|x64.Build.0 = Debug|x64
		{407708AD-A48C-437C-A353-C945C1218FFA}.Debug|x86.ActiveCfg = Debug|Win32
		{407708AD-A48C-437C-A353-C945C1218FFA}.Debug|x86.Build.0 = Debug|Win32
		{407708AD-A48C-437C-A353-C945C1218FFA}.Release|x64.ActiveCfg = Release|x64
		{407708AD-A48C-437C-A353-C945C1218FFA}.Release|x64.Build.0 = Release|x64
		{407708AD-A48C-437C-A353-C945C1218FFA}.Release|x86.ActiveCfg = Release|Win32
		{407708AD-A48C-437C-A353-C945C1218FFA}.Release|x86.Build.0 = Release|Win32
		{E6AAFBFE-63C8-4355-BBE3-F36DA30E604B}.Debug|x64.ActiveCfg = Debug|x64
		{E6AAFBFE-63C8-4355-BBE3-F36DA30E604B}.Debug|x64.Build.0 = Debug|x64
		{E6AAFBFE-63C8-4355-BBE3-F36DA30E604B}.Debug|x86.ActiveCfg = Debug|Win32
		{E6AAFBFE-63C8-4355-BBE3-F36DA30E604B}.Debug|x86.Build.0 = Debug|Win32
		{E6AAFBFE-63C8-4355-BBE3-F36DA30E604B}.Release|x64.ActiveCfg = Release|x64
		{E6AAFBFE-63C8-4355-BBE3-F36DA30E604B}.Release|x64.Build.0 = Release|x64
		{E6AAFBFE-63C8-4355-BBE3-F36DA30E604B}.Release|x86.ActiveCfg = Release|Win32
		{E6AAFBFE-63C8-4355-BBE3-F36DA30E604B}.Release|x86.Build.0 = Release|Win32
	EndGlobalSection
	GlobalSection(SolutionProperties) = preSolution
		HideSolutionNode = FALSE
	EndGlobalSection
	GlobalSection(ExtensibilityGlobals) = postSolution
		SolutionGuid = {74A6561F-6773-4134-9242-07D405729164}
	EndGlobalSection
EndGlobal
