
Microsoft Visual Studio Solution File, Format Version 12.00
# Visual Studio 15
VisualStudioVersion = 15.0.27004.2009
MinimumVisualStudioVersion = 10.0.40219.1
Project("{8BC9CEB8-8B4A-11D0-8D11-00A0C91BC942}") = "TownsPCMtoWave", "TownsPCMtoWave\TownsPCMtoWave.vcxproj", "{15A8935A-CA32-4E4F-ABCF-8C6E14E142E6}"
EndProject
Project("{8BC9CEB8-8B4A-11D0-8D11-00A0C91BC942}") = "PC98PCMtoWave", "PC98PCMtoWave\PC98PCMtoWave.vcxproj", "{5D0EEDC0-1656-4B59-9937-919FD29625E1}"
EndProject
Project("{8BC9CEB8-8B4A-11D0-8D11-00A0C91BC942}") = "WaveCorrector", "WaveCorrector\WaveCorrector.vcxproj", "{1F408838-5746-432E-A5BC-12EE12E4525E}"
EndProject
Project("{8BC9CEB8-8B4A-11D0-8D11-00A0C91BC942}") = "DATSpiltter", "DATSpiltter\DATSpiltter.vcxproj", "{85B760E0-1CE8-4911-972B-021CF47B6D2A}"
EndProject
Project("{8BC9CEB8-8B4A-11D0-8D11-00A0C91BC942}") = "GL3toPNG", "GL3toPNG\GL3toPNG.vcxproj", "{844E0356-8665-48D7-8EB2-F22403BAC0BF}"
EndProject
Project("{8BC9CEB8-8B4A-11D0-8D11-00A0C91BC942}") = "BLK2PL", "BLK2PL\BLK2PL.vcxproj", "{81C600D7-03E3-410C-84A3-671FE247EC94}"
EndProject
Project("{8BC9CEB8-8B4A-11D0-8D11-00A0C91BC942}") = "GM3toPNG", "GM3toPNG\GM3toPNG.vcxproj", "{94550A80-943C-4FFD-AC8B-97EF3DC7CE82}"
EndProject
Project("{8BC9CEB8-8B4A-11D0-8D11-00A0C91BC942}") = "VSPtoPNG", "VSPtoPNG\VSPtoPNG.vcxproj", "{52DCD079-DC04-4940-997B-76813932EE27}"
EndProject
Project("{8BC9CEB8-8B4A-11D0-8D11-00A0C91BC942}") = "VSP256toPNG", "VSP256toPNG\VSP256toPNG.vcxproj", "{B3D1D5CB-48E5-4166-A38A-BD348CF73940}"
EndProject
Project("{8BC9CEB8-8B4A-11D0-8D11-00A0C91BC942}") = "PC88toPNG", "PC88toPNG\PC88toPNG.vcxproj", "{8D168DBD-065D-400B-8DAF-4E74BA1B5082}"
EndProject
Project("{8BC9CEB8-8B4A-11D0-8D11-00A0C91BC942}") = "X68toPNG", "X68toPNG\X68toPNG.vcxproj", "{0860BF10-DFF4-4FE8-82AE-E3DFA15A2C67}"
EndProject
Project("{8BC9CEB8-8B4A-11D0-8D11-00A0C91BC942}") = "DATSplitter_old", "DATSplitter_old\DATSplitter_old.vcxproj", "{3AF071AE-1975-4730-ADAB-0C147D8E08CB}"
EndProject
Project("{8BC9CEB8-8B4A-11D0-8D11-00A0C91BC942}") = "imagesplitter_88", "imagesplitter_88\imagesplitter_88.vcxproj", "{1418082C-1CC8-4C8C-8E02-3729213AE18F}"
EndProject
Global
	GlobalSection(SolutionConfigurationPlatforms) = preSolution
		Debug|x64 = Debug|x64
		Debug|x86 = Debug|x86
		Release|x64 = Release|x64
		Release|x86 = Release|x86
	EndGlobalSection
	GlobalSection(ProjectConfigurationPlatforms) = postSolution
		{15A8935A-CA32-4E4F-ABCF-8C6E14E142E6}.Debug|x64.ActiveCfg = Debug|x64
		{15A8935A-CA32-4E4F-ABCF-8C6E14E142E6}.Debug|x64.Build.0 = Debug|x64
		{15A8935A-CA32-4E4F-ABCF-8C6E14E142E6}.Debug|x86.ActiveCfg = Debug|Win32
		{15A8935A-CA32-4E4F-ABCF-8C6E14E142E6}.Debug|x86.Build.0 = Debug|Win32
		{15A8935A-CA32-4E4F-ABCF-8C6E14E142E6}.Release|x64.ActiveCfg = Release|x64
		{15A8935A-CA32-4E4F-ABCF-8C6E14E142E6}.Release|x64.Build.0 = Release|x64
		{15A8935A-CA32-4E4F-ABCF-8C6E14E142E6}.Release|x86.ActiveCfg = Release|Win32
		{15A8935A-CA32-4E4F-ABCF-8C6E14E142E6}.Release|x86.Build.0 = Release|Win32
		{5D0EEDC0-1656-4B59-9937-919FD29625E1}.Debug|x64.ActiveCfg = Debug|x64
		{5D0EEDC0-1656-4B59-9937-919FD29625E1}.Debug|x64.Build.0 = Debug|x64
		{5D0EEDC0-1656-4B59-9937-919FD29625E1}.Debug|x86.ActiveCfg = Debug|Win32
		{5D0EEDC0-1656-4B59-9937-919FD29625E1}.Debug|x86.Build.0 = Debug|Win32
		{5D0EEDC0-1656-4B59-9937-919FD29625E1}.Release|x64.ActiveCfg = Release|x64
		{5D0EEDC0-1656-4B59-9937-919FD29625E1}.Release|x64.Build.0 = Release|x64
		{5D0EEDC0-1656-4B59-9937-919FD29625E1}.Release|x86.ActiveCfg = Release|Win32
		{5D0EEDC0-1656-4B59-9937-919FD29625E1}.Release|x86.Build.0 = Release|Win32
		{1F408838-5746-432E-A5BC-12EE12E4525E}.Debug|x64.ActiveCfg = Debug|x64
		{1F408838-5746-432E-A5BC-12EE12E4525E}.Debug|x64.Build.0 = Debug|x64
		{1F408838-5746-432E-A5BC-12EE12E4525E}.Debug|x86.ActiveCfg = Debug|Win32
		{1F408838-5746-432E-A5BC-12EE12E4525E}.Debug|x86.Build.0 = Debug|Win32
		{1F408838-5746-432E-A5BC-12EE12E4525E}.Release|x64.ActiveCfg = Release|x64
		{1F408838-5746-432E-A5BC-12EE12E4525E}.Release|x64.Build.0 = Release|x64
		{1F408838-5746-432E-A5BC-12EE12E4525E}.Release|x86.ActiveCfg = Release|Win32
		{1F408838-5746-432E-A5BC-12EE12E4525E}.Release|x86.Build.0 = Release|Win32
		{85B760E0-1CE8-4911-972B-021CF47B6D2A}.Debug|x64.ActiveCfg = Debug|x64
		{85B760E0-1CE8-4911-972B-021CF47B6D2A}.Debug|x64.Build.0 = Debug|x64
		{85B760E0-1CE8-4911-972B-021CF47B6D2A}.Debug|x86.ActiveCfg = Debug|Win32
		{85B760E0-1CE8-4911-972B-021CF47B6D2A}.Debug|x86.Build.0 = Debug|Win32
		{85B760E0-1CE8-4911-972B-021CF47B6D2A}.Release|x64.ActiveCfg = Release|x64
		{85B760E0-1CE8-4911-972B-021CF47B6D2A}.Release|x64.Build.0 = Release|x64
		{85B760E0-1CE8-4911-972B-021CF47B6D2A}.Release|x86.ActiveCfg = Release|Win32
		{85B760E0-1CE8-4911-972B-021CF47B6D2A}.Release|x86.Build.0 = Release|Win32
		{844E0356-8665-48D7-8EB2-F22403BAC0BF}.Debug|x64.ActiveCfg = Debug|x64
		{844E0356-8665-48D7-8EB2-F22403BAC0BF}.Debug|x64.Build.0 = Debug|x64
		{844E0356-8665-48D7-8EB2-F22403BAC0BF}.Debug|x86.ActiveCfg = Debug|Win32
		{844E0356-8665-48D7-8EB2-F22403BAC0BF}.Debug|x86.Build.0 = Debug|Win32
		{844E0356-8665-48D7-8EB2-F22403BAC0BF}.Release|x64.ActiveCfg = Release|x64
		{844E0356-8665-48D7-8EB2-F22403BAC0BF}.Release|x64.Build.0 = Release|x64
		{844E0356-8665-48D7-8EB2-F22403BAC0BF}.Release|x86.ActiveCfg = Release|Win32
		{844E0356-8665-48D7-8EB2-F22403BAC0BF}.Release|x86.Build.0 = Release|Win32
		{81C600D7-03E3-410C-84A3-671FE247EC94}.Debug|x64.ActiveCfg = Debug|x64
		{81C600D7-03E3-410C-84A3-671FE247EC94}.Debug|x64.Build.0 = Debug|x64
		{81C600D7-03E3-410C-84A3-671FE247EC94}.Debug|x86.ActiveCfg = Debug|Win32
		{81C600D7-03E3-410C-84A3-671FE247EC94}.Debug|x86.Build.0 = Debug|Win32
		{81C600D7-03E3-410C-84A3-671FE247EC94}.Release|x64.ActiveCfg = Release|x64
		{81C600D7-03E3-410C-84A3-671FE247EC94}.Release|x64.Build.0 = Release|x64
		{81C600D7-03E3-410C-84A3-671FE247EC94}.Release|x86.ActiveCfg = Release|Win32
		{81C600D7-03E3-410C-84A3-671FE247EC94}.Release|x86.Build.0 = Release|Win32
		{94550A80-943C-4FFD-AC8B-97EF3DC7CE82}.Debug|x64.ActiveCfg = Debug|x64
		{94550A80-943C-4FFD-AC8B-97EF3DC7CE82}.Debug|x64.Build.0 = Debug|x64
		{94550A80-943C-4FFD-AC8B-97EF3DC7CE82}.Debug|x86.ActiveCfg = Debug|Win32
		{94550A80-943C-4FFD-AC8B-97EF3DC7CE82}.Debug|x86.Build.0 = Debug|Win32
		{94550A80-943C-4FFD-AC8B-97EF3DC7CE82}.Release|x64.ActiveCfg = Release|x64
		{94550A80-943C-4FFD-AC8B-97EF3DC7CE82}.Release|x64.Build.0 = Release|x64
		{94550A80-943C-4FFD-AC8B-97EF3DC7CE82}.Release|x86.ActiveCfg = Release|Win32
		{94550A80-943C-4FFD-AC8B-97EF3DC7CE82}.Release|x86.Build.0 = Release|Win32
		{52DCD079-DC04-4940-997B-76813932EE27}.Debug|x64.ActiveCfg = Debug|x64
		{52DCD079-DC04-4940-997B-76813932EE27}.Debug|x64.Build.0 = Debug|x64
		{52DCD079-DC04-4940-997B-76813932EE27}.Debug|x86.ActiveCfg = Debug|Win32
		{52DCD079-DC04-4940-997B-76813932EE27}.Debug|x86.Build.0 = Debug|Win32
		{52DCD079-DC04-4940-997B-76813932EE27}.Release|x64.ActiveCfg = Release|x64
		{52DCD079-DC04-4940-997B-76813932EE27}.Release|x64.Build.0 = Release|x64
		{52DCD079-DC04-4940-997B-76813932EE27}.Release|x86.ActiveCfg = Release|Win32
		{52DCD079-DC04-4940-997B-76813932EE27}.Release|x86.Build.0 = Release|Win32
		{B3D1D5CB-48E5-4166-A38A-BD348CF73940}.Debug|x64.ActiveCfg = Debug|x64
		{B3D1D5CB-48E5-4166-A38A-BD348CF73940}.Debug|x64.Build.0 = Debug|x64
		{B3D1D5CB-48E5-4166-A38A-BD348CF73940}.Debug|x86.ActiveCfg = Debug|Win32
		{B3D1D5CB-48E5-4166-A38A-BD348CF73940}.Debug|x86.Build.0 = Debug|Win32
		{B3D1D5CB-48E5-4166-A38A-BD348CF73940}.Release|x64.ActiveCfg = Release|x64
		{B3D1D5CB-48E5-4166-A38A-BD348CF73940}.Release|x64.Build.0 = Release|x64
		{B3D1D5CB-48E5-4166-A38A-BD348CF73940}.Release|x86.ActiveCfg = Release|Win32
		{B3D1D5CB-48E5-4166-A38A-BD348CF73940}.Release|x86.Build.0 = Release|Win32
		{8D168DBD-065D-400B-8DAF-4E74BA1B5082}.Debug|x64.ActiveCfg = Debug|x64
		{8D168DBD-065D-400B-8DAF-4E74BA1B5082}.Debug|x64.Build.0 = Debug|x64
		{8D168DBD-065D-400B-8DAF-4E74BA1B5082}.Debug|x86.ActiveCfg = Debug|Win32
		{8D168DBD-065D-400B-8DAF-4E74BA1B5082}.Debug|x86.Build.0 = Debug|Win32
		{8D168DBD-065D-400B-8DAF-4E74BA1B5082}.Release|x64.ActiveCfg = Release|x64
		{8D168DBD-065D-400B-8DAF-4E74BA1B5082}.Release|x64.Build.0 = Release|x64
		{8D168DBD-065D-400B-8DAF-4E74BA1B5082}.Release|x86.ActiveCfg = Release|Win32
		{8D168DBD-065D-400B-8DAF-4E74BA1B5082}.Release|x86.Build.0 = Release|Win32
		{0860BF10-DFF4-4FE8-82AE-E3DFA15A2C67}.Debug|x64.ActiveCfg = Debug|x64
		{0860BF10-DFF4-4FE8-82AE-E3DFA15A2C67}.Debug|x64.Build.0 = Debug|x64
		{0860BF10-DFF4-4FE8-82AE-E3DFA15A2C67}.Debug|x86.ActiveCfg = Debug|Win32
		{0860BF10-DFF4-4FE8-82AE-E3DFA15A2C67}.Debug|x86.Build.0 = Debug|Win32
		{0860BF10-DFF4-4FE8-82AE-E3DFA15A2C67}.Release|x64.ActiveCfg = Release|x64
		{0860BF10-DFF4-4FE8-82AE-E3DFA15A2C67}.Release|x64.Build.0 = Release|x64
		{0860BF10-DFF4-4FE8-82AE-E3DFA15A2C67}.Release|x86.ActiveCfg = Release|Win32
		{0860BF10-DFF4-4FE8-82AE-E3DFA15A2C67}.Release|x86.Build.0 = Release|Win32
		{3AF071AE-1975-4730-ADAB-0C147D8E08CB}.Debug|x64.ActiveCfg = Debug|x64
		{3AF071AE-1975-4730-ADAB-0C147D8E08CB}.Debug|x64.Build.0 = Debug|x64
		{3AF071AE-1975-4730-ADAB-0C147D8E08CB}.Debug|x86.ActiveCfg = Debug|Win32
		{3AF071AE-1975-4730-ADAB-0C147D8E08CB}.Debug|x86.Build.0 = Debug|Win32
		{3AF071AE-1975-4730-ADAB-0C147D8E08CB}.Release|x64.ActiveCfg = Release|x64
		{3AF071AE-1975-4730-ADAB-0C147D8E08CB}.Release|x64.Build.0 = Release|x64
		{3AF071AE-1975-4730-ADAB-0C147D8E08CB}.Release|x86.ActiveCfg = Release|Win32
		{3AF071AE-1975-4730-ADAB-0C147D8E08CB}.Release|x86.Build.0 = Release|Win32
		{1418082C-1CC8-4C8C-8E02-3729213AE18F}.Debug|x64.ActiveCfg = Debug|x64
		{1418082C-1CC8-4C8C-8E02-3729213AE18F}.Debug|x64.Build.0 = Debug|x64
		{1418082C-1CC8-4C8C-8E02-3729213AE18F}.Debug|x86.ActiveCfg = Debug|Win32
		{1418082C-1CC8-4C8C-8E02-3729213AE18F}.Debug|x86.Build.0 = Debug|Win32
		{1418082C-1CC8-4C8C-8E02-3729213AE18F}.Release|x64.ActiveCfg = Release|x64
		{1418082C-1CC8-4C8C-8E02-3729213AE18F}.Release|x64.Build.0 = Release|x64
		{1418082C-1CC8-4C8C-8E02-3729213AE18F}.Release|x86.ActiveCfg = Release|Win32
		{1418082C-1CC8-4C8C-8E02-3729213AE18F}.Release|x86.Build.0 = Release|Win32
	EndGlobalSection
	GlobalSection(SolutionProperties) = preSolution
		HideSolutionNode = FALSE
	EndGlobalSection
	GlobalSection(ExtensibilityGlobals) = postSolution
		SolutionGuid = {74A6561F-6773-4134-9242-07D405729164}
	EndGlobalSection
EndGlobal
