
Microsoft Visual Studio Solution File, Format Version 12.00
# Visual Studio Version 16
VisualStudioVersion = 16.0.29911.84
MinimumVisualStudioVersion = 10.0.40219.1
Project("{8BC9CEB8-8B4A-11D0-8D11-00A0C91BC942}") = "WaveCorrector", "WaveCorrector\WaveCorrector.vcxproj", "{1F408838-5746-432E-A5BC-12EE12E4525E}"
EndProject
Project("{8BC9CEB8-8B4A-11D0-8D11-00A0C91BC942}") = "DATSplitter", "DATSpiltter\DATSpiltter.vcxproj", "{85B760E0-1CE8-4911-972B-021CF47B6D2A}"
EndProject
Project("{8BC9CEB8-8B4A-11D0-8D11-00A0C91BC942}") = "N88Splitter", "N88Splitter\N88Splitter.vcxproj", "{6AFE4144-2F87-4707-A55F-D91B93094573}"
EndProject
Project("{8BC9CEB8-8B4A-11D0-8D11-00A0C91BC942}") = "MSXtoPNG", "MSXtoPNG\MSXtoPNG.vcxproj", "{394C7402-29D3-4120-9855-376F9A6BC1BB}"
	ProjectSection(ProjectDependencies) = postProject
		{94BA4448-57E7-4B8D-AC15-30F71225AC27} = {94BA4448-57E7-4B8D-AC15-30F71225AC27}
		{7421FF63-EAFE-42D2-ACC7-43FF244CFEF6} = {7421FF63-EAFE-42D2-ACC7-43FF244CFEF6}
		{311A38AA-C271-4A8F-9730-D15D661C64DF} = {311A38AA-C271-4A8F-9730-D15D661C64DF}
	EndProjectSection
EndProject
Project("{8BC9CEB8-8B4A-11D0-8D11-00A0C91BC942}") = "MSXCombinePNG", "MSXCombine\MSXCombine.vcxproj", "{EA3102C3-D1C3-40D7-82A7-C81DFAB0176A}"
	ProjectSection(ProjectDependencies) = postProject
		{94BA4448-57E7-4B8D-AC15-30F71225AC27} = {94BA4448-57E7-4B8D-AC15-30F71225AC27}
		{7421FF63-EAFE-42D2-ACC7-43FF244CFEF6} = {7421FF63-EAFE-42D2-ACC7-43FF244CFEF6}
		{311A38AA-C271-4A8F-9730-D15D661C64DF} = {311A38AA-C271-4A8F-9730-D15D661C64DF}
	EndProjectSection
EndProject
Project("{8BC9CEB8-8B4A-11D0-8D11-00A0C91BC942}") = "aclib", "aclib\aclib.vcxproj", "{7421FF63-EAFE-42D2-ACC7-43FF244CFEF6}"
	ProjectSection(ProjectDependencies) = postProject
		{94BA4448-57E7-4B8D-AC15-30F71225AC27} = {94BA4448-57E7-4B8D-AC15-30F71225AC27}
		{1748BE76-77F3-4F34-A682-E9969750DB40} = {1748BE76-77F3-4F34-A682-E9969750DB40}
		{311A38AA-C271-4A8F-9730-D15D661C64DF} = {311A38AA-C271-4A8F-9730-D15D661C64DF}
	EndProjectSection
EndProject
Project("{8BC9CEB8-8B4A-11D0-8D11-00A0C91BC942}") = "VSPtoPNG", "VSPtoPNG\VSPtoPNG.vcxproj", "{DF936A1D-2C02-4956-92F3-F0B27B6F39B6}"
	ProjectSection(ProjectDependencies) = postProject
		{7421FF63-EAFE-42D2-ACC7-43FF244CFEF6} = {7421FF63-EAFE-42D2-ACC7-43FF244CFEF6}
	EndProjectSection
EndProject
Project("{8BC9CEB8-8B4A-11D0-8D11-00A0C91BC942}") = "MSXtoPNG_DrSTOP", "MSXtoPNG_DrSTOP\MSXtoPNG_DrSTOP.vcxproj", "{5DF1A574-40F3-4D97-B39D-6E0883304864}"
EndProject
Project("{8BC9CEB8-8B4A-11D0-8D11-00A0C91BC942}") = "libtiff", "libtiff\libtiff.vcxproj", "{1748BE76-77F3-4F34-A682-E9969750DB40}"
EndProject
Project("{8BC9CEB8-8B4A-11D0-8D11-00A0C91BC942}") = "zlib", "zlib\zlib.vcxproj", "{311A38AA-C271-4A8F-9730-D15D661C64DF}"
EndProject
Project("{8BC9CEB8-8B4A-11D0-8D11-00A0C91BC942}") = "libpng", "libpng\libpng.vcxproj", "{94BA4448-57E7-4B8D-AC15-30F71225AC27}"
	ProjectSection(ProjectDependencies) = postProject
		{311A38AA-C271-4A8F-9730-D15D661C64DF} = {311A38AA-C271-4A8F-9730-D15D661C64DF}
	EndProjectSection
EndProject
Project("{8BC9CEB8-8B4A-11D0-8D11-00A0C91BC942}") = "TIFFtoPNG_Y1CD", "TIFFtoPNG_Y1CD\TIFFtoPNG_Y1CD.vcxproj", "{E6B368F5-D2E6-4EBD-9F42-2F5CBDB1E702}"
EndProject
Project("{8BC9CEB8-8B4A-11D0-8D11-00A0C91BC942}") = "DRStoPNG", "DRStoPNG\DRStoPNG.vcxproj", "{772D17A2-09BC-4C2D-811A-C74BE2B8F3BB}"
EndProject
Project("{8BC9CEB8-8B4A-11D0-8D11-00A0C91BC942}") = "DRStoPNG_TOWNS", "DRStoPNG_TOWNS\DRStoPNG_TOWNS.vcxproj", "{B4BA89CA-7F91-4E15-A1A5-7FEEE13B7AFE}"
EndProject
Project("{8BC9CEB8-8B4A-11D0-8D11-00A0C91BC942}") = "MAKO1toVGM", "MAKO1toVGM\MAKO1toVGM.vcxproj", "{92D183D0-244A-4CC8-B514-B9A7DCE5E7E9}"
EndProject
Project("{8BC9CEB8-8B4A-11D0-8D11-00A0C91BC942}") = "test", "test\test.vcxproj", "{65EC1AC8-E641-42BD-BCD8-DC7879D6CFDA}"
EndProject
Project("{8BC9CEB8-8B4A-11D0-8D11-00A0C91BC942}") = "EOMMLtoVGM", "EOMMLtoVGM\EOMMLtoVGM.vcxproj", "{AA6E78FC-678D-4AC3-939E-C38D0DD2AC89}"
EndProject
Project("{8BC9CEB8-8B4A-11D0-8D11-00A0C91BC942}") = "PSGtoVGM", "PSGtoVGM\PSGtoVGM.vcxproj", "{59964E9E-38B0-462B-B58F-386A1F1D65C6}"
	ProjectSection(ProjectDependencies) = postProject
		{7421FF63-EAFE-42D2-ACC7-43FF244CFEF6} = {7421FF63-EAFE-42D2-ACC7-43FF244CFEF6}
	EndProjectSection
EndProject
Project("{8BC9CEB8-8B4A-11D0-8D11-00A0C91BC942}") = "PC88toVGM", "PC88toVGM\PC88toVGM.vcxproj", "{1431862E-7B7F-4304-8F07-B00968BCBAE5}"
EndProject
Project("{8BC9CEB8-8B4A-11D0-8D11-00A0C91BC942}") = "MCLtoVGM", "MCLtoVGM\MCLtoVGM.vcxproj", "{DA5076AF-6403-4A09-9CFC-D7C194344A4B}"
EndProject
Project("{8BC9CEB8-8B4A-11D0-8D11-00A0C91BC942}") = "MAKO2toVGM", "MAKO2toVGM\MAKO2toVGM.vcxproj", "{E7B2623E-4720-42C1-A922-38A7D1E9BA85}"
EndProject
Project("{8BC9CEB8-8B4A-11D0-8D11-00A0C91BC942}") = "MSXtoPNG_Intruder", "MSXtoPNG_Intruder\MSXtoPNG_Intruder.vcxproj", "{F656510E-3327-4412-BEC5-B4E9BC00515E}"
EndProject
Project("{8BC9CEB8-8B4A-11D0-8D11-00A0C91BC942}") = "MSXtoPNG_TT", "MSXtoPNG_TT\MSXtoPNG_TT.vcxproj", "{7290007E-2AEA-406C-9847-CF4F17552B2F}"
EndProject
Project("{8BC9CEB8-8B4A-11D0-8D11-00A0C91BC942}") = "MSXtoPNG_GE7", "MSXtoPNG_GE7\MSXtoPNG_GE7.vcxproj", "{9D6E7563-96B9-4C4C-9C4F-82DD62DC60D5}"
EndProject
Global
	GlobalSection(SolutionConfigurationPlatforms) = preSolution
		Debug|x64 = Debug|x64
		Debug|x86 = Debug|x86
		Release|x64 = Release|x64
		Release|x86 = Release|x86
	EndGlobalSection
	GlobalSection(ProjectConfigurationPlatforms) = postSolution
		{1F408838-5746-432E-A5BC-12EE12E4525E}.Debug|x64.ActiveCfg = Debug|x64
		{1F408838-5746-432E-A5BC-12EE12E4525E}.Debug|x64.Build.0 = Debug|x64
		{1F408838-5746-432E-A5BC-12EE12E4525E}.Debug|x86.ActiveCfg = Debug|Win32
		{1F408838-5746-432E-A5BC-12EE12E4525E}.Debug|x86.Build.0 = Debug|Win32
		{1F408838-5746-432E-A5BC-12EE12E4525E}.Release|x64.ActiveCfg = Release|x64
		{1F408838-5746-432E-A5BC-12EE12E4525E}.Release|x64.Build.0 = Release|x64
		{1F408838-5746-432E-A5BC-12EE12E4525E}.Release|x86.ActiveCfg = Release|Win32
		{1F408838-5746-432E-A5BC-12EE12E4525E}.Release|x86.Build.0 = Release|Win32
		{85B760E0-1CE8-4911-972B-021CF47B6D2A}.Debug|x64.ActiveCfg = Debug|x64
		{85B760E0-1CE8-4911-972B-021CF47B6D2A}.Debug|x64.Build.0 = Debug|x64
		{85B760E0-1CE8-4911-972B-021CF47B6D2A}.Debug|x86.ActiveCfg = Debug|Win32
		{85B760E0-1CE8-4911-972B-021CF47B6D2A}.Debug|x86.Build.0 = Debug|Win32
		{85B760E0-1CE8-4911-972B-021CF47B6D2A}.Release|x64.ActiveCfg = Release|x64
		{85B760E0-1CE8-4911-972B-021CF47B6D2A}.Release|x64.Build.0 = Release|x64
		{85B760E0-1CE8-4911-972B-021CF47B6D2A}.Release|x86.ActiveCfg = Release|Win32
		{85B760E0-1CE8-4911-972B-021CF47B6D2A}.Release|x86.Build.0 = Release|Win32
		{6AFE4144-2F87-4707-A55F-D91B93094573}.Debug|x64.ActiveCfg = Debug|x64
		{6AFE4144-2F87-4707-A55F-D91B93094573}.Debug|x64.Build.0 = Debug|x64
		{6AFE4144-2F87-4707-A55F-D91B93094573}.Debug|x86.ActiveCfg = Debug|Win32
		{6AFE4144-2F87-4707-A55F-D91B93094573}.Debug|x86.Build.0 = Debug|Win32
		{6AFE4144-2F87-4707-A55F-D91B93094573}.Release|x64.ActiveCfg = Release|x64
		{6AFE4144-2F87-4707-A55F-D91B93094573}.Release|x64.Build.0 = Release|x64
		{6AFE4144-2F87-4707-A55F-D91B93094573}.Release|x86.ActiveCfg = Release|Win32
		{6AFE4144-2F87-4707-A55F-D91B93094573}.Release|x86.Build.0 = Release|Win32
		{394C7402-29D3-4120-9855-376F9A6BC1BB}.Debug|x64.ActiveCfg = Debug|x64
		{394C7402-29D3-4120-9855-376F9A6BC1BB}.Debug|x64.Build.0 = Debug|x64
		{394C7402-29D3-4120-9855-376F9A6BC1BB}.Debug|x86.ActiveCfg = Debug|Win32
		{394C7402-29D3-4120-9855-376F9A6BC1BB}.Debug|x86.Build.0 = Debug|Win32
		{394C7402-29D3-4120-9855-376F9A6BC1BB}.Release|x64.ActiveCfg = Release|x64
		{394C7402-29D3-4120-9855-376F9A6BC1BB}.Release|x64.Build.0 = Release|x64
		{394C7402-29D3-4120-9855-376F9A6BC1BB}.Release|x86.ActiveCfg = Release|Win32
		{394C7402-29D3-4120-9855-376F9A6BC1BB}.Release|x86.Build.0 = Release|Win32
		{EA3102C3-D1C3-40D7-82A7-C81DFAB0176A}.Debug|x64.ActiveCfg = Debug|x64
		{EA3102C3-D1C3-40D7-82A7-C81DFAB0176A}.Debug|x64.Build.0 = Debug|x64
		{EA3102C3-D1C3-40D7-82A7-C81DFAB0176A}.Debug|x86.ActiveCfg = Debug|Win32
		{EA3102C3-D1C3-40D7-82A7-C81DFAB0176A}.Debug|x86.Build.0 = Debug|Win32
		{EA3102C3-D1C3-40D7-82A7-C81DFAB0176A}.Release|x64.ActiveCfg = Release|x64
		{EA3102C3-D1C3-40D7-82A7-C81DFAB0176A}.Release|x64.Build.0 = Release|x64
		{EA3102C3-D1C3-40D7-82A7-C81DFAB0176A}.Release|x86.ActiveCfg = Release|Win32
		{EA3102C3-D1C3-40D7-82A7-C81DFAB0176A}.Release|x86.Build.0 = Release|Win32
		{7421FF63-EAFE-42D2-ACC7-43FF244CFEF6}.Debug|x64.ActiveCfg = Debug|x64
		{7421FF63-EAFE-42D2-ACC7-43FF244CFEF6}.Debug|x64.Build.0 = Debug|x64
		{7421FF63-EAFE-42D2-ACC7-43FF244CFEF6}.Debug|x86.ActiveCfg = Debug|Win32
		{7421FF63-EAFE-42D2-ACC7-43FF244CFEF6}.Debug|x86.Build.0 = Debug|Win32
		{7421FF63-EAFE-42D2-ACC7-43FF244CFEF6}.Release|x64.ActiveCfg = Release|x64
		{7421FF63-EAFE-42D2-ACC7-43FF244CFEF6}.Release|x64.Build.0 = Release|x64
		{7421FF63-EAFE-42D2-ACC7-43FF244CFEF6}.Release|x86.ActiveCfg = Release|Win32
		{7421FF63-EAFE-42D2-ACC7-43FF244CFEF6}.Release|x86.Build.0 = Release|Win32
		{DF936A1D-2C02-4956-92F3-F0B27B6F39B6}.Debug|x64.ActiveCfg = Debug|x64
		{DF936A1D-2C02-4956-92F3-F0B27B6F39B6}.Debug|x64.Build.0 = Debug|x64
		{DF936A1D-2C02-4956-92F3-F0B27B6F39B6}.Debug|x86.ActiveCfg = Debug|Win32
		{DF936A1D-2C02-4956-92F3-F0B27B6F39B6}.Debug|x86.Build.0 = Debug|Win32
		{DF936A1D-2C02-4956-92F3-F0B27B6F39B6}.Release|x64.ActiveCfg = Release|x64
		{DF936A1D-2C02-4956-92F3-F0B27B6F39B6}.Release|x64.Build.0 = Release|x64
		{DF936A1D-2C02-4956-92F3-F0B27B6F39B6}.Release|x86.ActiveCfg = Release|Win32
		{DF936A1D-2C02-4956-92F3-F0B27B6F39B6}.Release|x86.Build.0 = Release|Win32
		{5DF1A574-40F3-4D97-B39D-6E0883304864}.Debug|x64.ActiveCfg = Debug|x64
		{5DF1A574-40F3-4D97-B39D-6E0883304864}.Debug|x64.Build.0 = Debug|x64
		{5DF1A574-40F3-4D97-B39D-6E0883304864}.Debug|x86.ActiveCfg = Debug|Win32
		{5DF1A574-40F3-4D97-B39D-6E0883304864}.Debug|x86.Build.0 = Debug|Win32
		{5DF1A574-40F3-4D97-B39D-6E0883304864}.Release|x64.ActiveCfg = Release|x64
		{5DF1A574-40F3-4D97-B39D-6E0883304864}.Release|x64.Build.0 = Release|x64
		{5DF1A574-40F3-4D97-B39D-6E0883304864}.Release|x86.ActiveCfg = Release|Win32
		{5DF1A574-40F3-4D97-B39D-6E0883304864}.Release|x86.Build.0 = Release|Win32
		{1748BE76-77F3-4F34-A682-E9969750DB40}.Debug|x64.ActiveCfg = Debug|x64
		{1748BE76-77F3-4F34-A682-E9969750DB40}.Debug|x64.Build.0 = Debug|x64
		{1748BE76-77F3-4F34-A682-E9969750DB40}.Debug|x86.ActiveCfg = Debug|Win32
		{1748BE76-77F3-4F34-A682-E9969750DB40}.Debug|x86.Build.0 = Debug|Win32
		{1748BE76-77F3-4F34-A682-E9969750DB40}.Release|x64.ActiveCfg = Release|x64
		{1748BE76-77F3-4F34-A682-E9969750DB40}.Release|x64.Build.0 = Release|x64
		{1748BE76-77F3-4F34-A682-E9969750DB40}.Release|x86.ActiveCfg = Release|Win32
		{1748BE76-77F3-4F34-A682-E9969750DB40}.Release|x86.Build.0 = Release|Win32
		{311A38AA-C271-4A8F-9730-D15D661C64DF}.Debug|x64.ActiveCfg = Debug|x64
		{311A38AA-C271-4A8F-9730-D15D661C64DF}.Debug|x64.Build.0 = Debug|x64
		{311A38AA-C271-4A8F-9730-D15D661C64DF}.Debug|x86.ActiveCfg = Debug|Win32
		{311A38AA-C271-4A8F-9730-D15D661C64DF}.Debug|x86.Build.0 = Debug|Win32
		{311A38AA-C271-4A8F-9730-D15D661C64DF}.Release|x64.ActiveCfg = Release|x64
		{311A38AA-C271-4A8F-9730-D15D661C64DF}.Release|x64.Build.0 = Release|x64
		{311A38AA-C271-4A8F-9730-D15D661C64DF}.Release|x86.ActiveCfg = Release|Win32
		{311A38AA-C271-4A8F-9730-D15D661C64DF}.Release|x86.Build.0 = Release|Win32
		{94BA4448-57E7-4B8D-AC15-30F71225AC27}.Debug|x64.ActiveCfg = Debug|x64
		{94BA4448-57E7-4B8D-AC15-30F71225AC27}.Debug|x64.Build.0 = Debug|x64
		{94BA4448-57E7-4B8D-AC15-30F71225AC27}.Debug|x86.ActiveCfg = Debug|Win32
		{94BA4448-57E7-4B8D-AC15-30F71225AC27}.Debug|x86.Build.0 = Debug|Win32
		{94BA4448-57E7-4B8D-AC15-30F71225AC27}.Release|x64.ActiveCfg = Release|x64
		{94BA4448-57E7-4B8D-AC15-30F71225AC27}.Release|x64.Build.0 = Release|x64
		{94BA4448-57E7-4B8D-AC15-30F71225AC27}.Release|x86.ActiveCfg = Release|Win32
		{94BA4448-57E7-4B8D-AC15-30F71225AC27}.Release|x86.Build.0 = Release|Win32
		{E6B368F5-D2E6-4EBD-9F42-2F5CBDB1E702}.Debug|x64.ActiveCfg = Debug|x64
		{E6B368F5-D2E6-4EBD-9F42-2F5CBDB1E702}.Debug|x64.Build.0 = Debug|x64
		{E6B368F5-D2E6-4EBD-9F42-2F5CBDB1E702}.Debug|x86.ActiveCfg = Debug|Win32
		{E6B368F5-D2E6-4EBD-9F42-2F5CBDB1E702}.Debug|x86.Build.0 = Debug|Win32
		{E6B368F5-D2E6-4EBD-9F42-2F5CBDB1E702}.Release|x64.ActiveCfg = Release|x64
		{E6B368F5-D2E6-4EBD-9F42-2F5CBDB1E702}.Release|x64.Build.0 = Release|x64
		{E6B368F5-D2E6-4EBD-9F42-2F5CBDB1E702}.Release|x86.ActiveCfg = Release|Win32
		{E6B368F5-D2E6-4EBD-9F42-2F5CBDB1E702}.Release|x86.Build.0 = Release|Win32
		{772D17A2-09BC-4C2D-811A-C74BE2B8F3BB}.Debug|x64.ActiveCfg = Debug|x64
		{772D17A2-09BC-4C2D-811A-C74BE2B8F3BB}.Debug|x64.Build.0 = Debug|x64
		{772D17A2-09BC-4C2D-811A-C74BE2B8F3BB}.Debug|x86.ActiveCfg = Debug|Win32
		{772D17A2-09BC-4C2D-811A-C74BE2B8F3BB}.Debug|x86.Build.0 = Debug|Win32
		{772D17A2-09BC-4C2D-811A-C74BE2B8F3BB}.Release|x64.ActiveCfg = Release|x64
		{772D17A2-09BC-4C2D-811A-C74BE2B8F3BB}.Release|x64.Build.0 = Release|x64
		{772D17A2-09BC-4C2D-811A-C74BE2B8F3BB}.Release|x86.ActiveCfg = Release|Win32
		{772D17A2-09BC-4C2D-811A-C74BE2B8F3BB}.Release|x86.Build.0 = Release|Win32
		{B4BA89CA-7F91-4E15-A1A5-7FEEE13B7AFE}.Debug|x64.ActiveCfg = Debug|x64
		{B4BA89CA-7F91-4E15-A1A5-7FEEE13B7AFE}.Debug|x64.Build.0 = Debug|x64
		{B4BA89CA-7F91-4E15-A1A5-7FEEE13B7AFE}.Debug|x86.ActiveCfg = Debug|Win32
		{B4BA89CA-7F91-4E15-A1A5-7FEEE13B7AFE}.Debug|x86.Build.0 = Debug|Win32
		{B4BA89CA-7F91-4E15-A1A5-7FEEE13B7AFE}.Release|x64.ActiveCfg = Release|x64
		{B4BA89CA-7F91-4E15-A1A5-7FEEE13B7AFE}.Release|x64.Build.0 = Release|x64
		{B4BA89CA-7F91-4E15-A1A5-7FEEE13B7AFE}.Release|x86.ActiveCfg = Release|Win32
		{B4BA89CA-7F91-4E15-A1A5-7FEEE13B7AFE}.Release|x86.Build.0 = Release|Win32
		{92D183D0-244A-4CC8-B514-B9A7DCE5E7E9}.Debug|x64.ActiveCfg = Debug|x64
		{92D183D0-244A-4CC8-B514-B9A7DCE5E7E9}.Debug|x64.Build.0 = Debug|x64
		{92D183D0-244A-4CC8-B514-B9A7DCE5E7E9}.Debug|x86.ActiveCfg = Debug|Win32
		{92D183D0-244A-4CC8-B514-B9A7DCE5E7E9}.Debug|x86.Build.0 = Debug|Win32
		{92D183D0-244A-4CC8-B514-B9A7DCE5E7E9}.Release|x64.ActiveCfg = Release|x64
		{92D183D0-244A-4CC8-B514-B9A7DCE5E7E9}.Release|x64.Build.0 = Release|x64
		{92D183D0-244A-4CC8-B514-B9A7DCE5E7E9}.Release|x86.ActiveCfg = Release|Win32
		{92D183D0-244A-4CC8-B514-B9A7DCE5E7E9}.Release|x86.Build.0 = Release|Win32
		{65EC1AC8-E641-42BD-BCD8-DC7879D6CFDA}.Debug|x64.ActiveCfg = Debug|x64
		{65EC1AC8-E641-42BD-BCD8-DC7879D6CFDA}.Debug|x64.Build.0 = Debug|x64
		{65EC1AC8-E641-42BD-BCD8-DC7879D6CFDA}.Debug|x86.ActiveCfg = Debug|Win32
		{65EC1AC8-E641-42BD-BCD8-DC7879D6CFDA}.Debug|x86.Build.0 = Debug|Win32
		{65EC1AC8-E641-42BD-BCD8-DC7879D6CFDA}.Release|x64.ActiveCfg = Release|x64
		{65EC1AC8-E641-42BD-BCD8-DC7879D6CFDA}.Release|x64.Build.0 = Release|x64
		{65EC1AC8-E641-42BD-BCD8-DC7879D6CFDA}.Release|x86.ActiveCfg = Release|Win32
		{65EC1AC8-E641-42BD-BCD8-DC7879D6CFDA}.Release|x86.Build.0 = Release|Win32
		{AA6E78FC-678D-4AC3-939E-C38D0DD2AC89}.Debug|x64.ActiveCfg = Debug|x64
		{AA6E78FC-678D-4AC3-939E-C38D0DD2AC89}.Debug|x64.Build.0 = Debug|x64
		{AA6E78FC-678D-4AC3-939E-C38D0DD2AC89}.Debug|x86.ActiveCfg = Debug|Win32
		{AA6E78FC-678D-4AC3-939E-C38D0DD2AC89}.Debug|x86.Build.0 = Debug|Win32
		{AA6E78FC-678D-4AC3-939E-C38D0DD2AC89}.Release|x64.ActiveCfg = Release|x64
		{AA6E78FC-678D-4AC3-939E-C38D0DD2AC89}.Release|x64.Build.0 = Release|x64
		{AA6E78FC-678D-4AC3-939E-C38D0DD2AC89}.Release|x86.ActiveCfg = Release|Win32
		{AA6E78FC-678D-4AC3-939E-C38D0DD2AC89}.Release|x86.Build.0 = Release|Win32
		{59964E9E-38B0-462B-B58F-386A1F1D65C6}.Debug|x64.ActiveCfg = Debug|x64
		{59964E9E-38B0-462B-B58F-386A1F1D65C6}.Debug|x64.Build.0 = Debug|x64
		{59964E9E-38B0-462B-B58F-386A1F1D65C6}.Debug|x86.ActiveCfg = Debug|Win32
		{59964E9E-38B0-462B-B58F-386A1F1D65C6}.Debug|x86.Build.0 = Debug|Win32
		{59964E9E-38B0-462B-B58F-386A1F1D65C6}.Release|x64.ActiveCfg = Release|x64
		{59964E9E-38B0-462B-B58F-386A1F1D65C6}.Release|x64.Build.0 = Release|x64
		{59964E9E-38B0-462B-B58F-386A1F1D65C6}.Release|x86.ActiveCfg = Release|Win32
		{59964E9E-38B0-462B-B58F-386A1F1D65C6}.Release|x86.Build.0 = Release|Win32
		{1431862E-7B7F-4304-8F07-B00968BCBAE5}.Debug|x64.ActiveCfg = Debug|x64
		{1431862E-7B7F-4304-8F07-B00968BCBAE5}.Debug|x64.Build.0 = Debug|x64
		{1431862E-7B7F-4304-8F07-B00968BCBAE5}.Debug|x86.ActiveCfg = Debug|Win32
		{1431862E-7B7F-4304-8F07-B00968BCBAE5}.Debug|x86.Build.0 = Debug|Win32
		{1431862E-7B7F-4304-8F07-B00968BCBAE5}.Release|x64.ActiveCfg = Release|x64
		{1431862E-7B7F-4304-8F07-B00968BCBAE5}.Release|x64.Build.0 = Release|x64
		{1431862E-7B7F-4304-8F07-B00968BCBAE5}.Release|x86.ActiveCfg = Release|Win32
		{1431862E-7B7F-4304-8F07-B00968BCBAE5}.Release|x86.Build.0 = Release|Win32
		{DA5076AF-6403-4A09-9CFC-D7C194344A4B}.Debug|x64.ActiveCfg = Debug|x64
		{DA5076AF-6403-4A09-9CFC-D7C194344A4B}.Debug|x64.Build.0 = Debug|x64
		{DA5076AF-6403-4A09-9CFC-D7C194344A4B}.Debug|x86.ActiveCfg = Debug|Win32
		{DA5076AF-6403-4A09-9CFC-D7C194344A4B}.Debug|x86.Build.0 = Debug|Win32
		{DA5076AF-6403-4A09-9CFC-D7C194344A4B}.Release|x64.ActiveCfg = Release|x64
		{DA5076AF-6403-4A09-9CFC-D7C194344A4B}.Release|x64.Build.0 = Release|x64
		{DA5076AF-6403-4A09-9CFC-D7C194344A4B}.Release|x86.ActiveCfg = Release|Win32
		{DA5076AF-6403-4A09-9CFC-D7C194344A4B}.Release|x86.Build.0 = Release|Win32
		{E7B2623E-4720-42C1-A922-38A7D1E9BA85}.Debug|x64.ActiveCfg = Debug|x64
		{E7B2623E-4720-42C1-A922-38A7D1E9BA85}.Debug|x64.Build.0 = Debug|x64
		{E7B2623E-4720-42C1-A922-38A7D1E9BA85}.Debug|x86.ActiveCfg = Debug|Win32
		{E7B2623E-4720-42C1-A922-38A7D1E9BA85}.Debug|x86.Build.0 = Debug|Win32
		{E7B2623E-4720-42C1-A922-38A7D1E9BA85}.Release|x64.ActiveCfg = Release|x64
		{E7B2623E-4720-42C1-A922-38A7D1E9BA85}.Release|x64.Build.0 = Release|x64
		{E7B2623E-4720-42C1-A922-38A7D1E9BA85}.Release|x86.ActiveCfg = Release|Win32
		{E7B2623E-4720-42C1-A922-38A7D1E9BA85}.Release|x86.Build.0 = Release|Win32
		{F656510E-3327-4412-BEC5-B4E9BC00515E}.Debug|x64.ActiveCfg = Debug|x64
		{F656510E-3327-4412-BEC5-B4E9BC00515E}.Debug|x64.Build.0 = Debug|x64
		{F656510E-3327-4412-BEC5-B4E9BC00515E}.Debug|x86.ActiveCfg = Debug|Win32
		{F656510E-3327-4412-BEC5-B4E9BC00515E}.Debug|x86.Build.0 = Debug|Win32
		{F656510E-3327-4412-BEC5-B4E9BC00515E}.Release|x64.ActiveCfg = Release|x64
		{F656510E-3327-4412-BEC5-B4E9BC00515E}.Release|x64.Build.0 = Release|x64
		{F656510E-3327-4412-BEC5-B4E9BC00515E}.Release|x86.ActiveCfg = Release|Win32
		{F656510E-3327-4412-BEC5-B4E9BC00515E}.Release|x86.Build.0 = Release|Win32
		{7290007E-2AEA-406C-9847-CF4F17552B2F}.Debug|x64.ActiveCfg = Debug|x64
		{7290007E-2AEA-406C-9847-CF4F17552B2F}.Debug|x64.Build.0 = Debug|x64
		{7290007E-2AEA-406C-9847-CF4F17552B2F}.Debug|x86.ActiveCfg = Debug|Win32
		{7290007E-2AEA-406C-9847-CF4F17552B2F}.Debug|x86.Build.0 = Debug|Win32
		{7290007E-2AEA-406C-9847-CF4F17552B2F}.Release|x64.ActiveCfg = Release|x64
		{7290007E-2AEA-406C-9847-CF4F17552B2F}.Release|x64.Build.0 = Release|x64
		{7290007E-2AEA-406C-9847-CF4F17552B2F}.Release|x86.ActiveCfg = Release|Win32
		{7290007E-2AEA-406C-9847-CF4F17552B2F}.Release|x86.Build.0 = Release|Win32
		{9D6E7563-96B9-4C4C-9C4F-82DD62DC60D5}.Debug|x64.ActiveCfg = Debug|x64
		{9D6E7563-96B9-4C4C-9C4F-82DD62DC60D5}.Debug|x64.Build.0 = Debug|x64
		{9D6E7563-96B9-4C4C-9C4F-82DD62DC60D5}.Debug|x86.ActiveCfg = Debug|Win32
		{9D6E7563-96B9-4C4C-9C4F-82DD62DC60D5}.Debug|x86.Build.0 = Debug|Win32
		{9D6E7563-96B9-4C4C-9C4F-82DD62DC60D5}.Release|x64.ActiveCfg = Release|x64
		{9D6E7563-96B9-4C4C-9C4F-82DD62DC60D5}.Release|x64.Build.0 = Release|x64
		{9D6E7563-96B9-4C4C-9C4F-82DD62DC60D5}.Release|x86.ActiveCfg = Release|Win32
		{9D6E7563-96B9-4C4C-9C4F-82DD62DC60D5}.Release|x86.Build.0 = Release|Win32
	EndGlobalSection
	GlobalSection(SolutionProperties) = preSolution
		HideSolutionNode = FALSE
	EndGlobalSection
	GlobalSection(ExtensibilityGlobals) = postSolution
		SolutionGuid = {74A6561F-6773-4134-9242-07D405729164}
	EndGlobalSection
EndGlobal
